// !$*UTF8*$!
{
	archiveVersion = 1;
	classes = {
	};
	objectVersion = 50;
	objects = {

/* Begin PBXBuildFile section */
		DC176F7D20924DFA00DCD3E4 /* AppDelegate.swift in Sources */ = {isa = PBXBuildFile; fileRef = DC176F7C20924DFA00DCD3E4 /* AppDelegate.swift */; };
		DC176F8420924DFB00DCD3E4 /* Assets.xcassets in Resources */ = {isa = PBXBuildFile; fileRef = DC176F8320924DFB00DCD3E4 /* Assets.xcassets */; };
		DC176F8720924DFB00DCD3E4 /* LaunchScreen.storyboard in Resources */ = {isa = PBXBuildFile; fileRef = DC176F8520924DFB00DCD3E4 /* LaunchScreen.storyboard */; };
		DC176F9220924DFB00DCD3E4 /* DDCharCreatorTests.swift in Sources */ = {isa = PBXBuildFile; fileRef = DC176F9120924DFB00DCD3E4 /* DDCharCreatorTests.swift */; };
		DC176F9D20924DFB00DCD3E4 /* DDCharCreatorUITests.swift in Sources */ = {isa = PBXBuildFile; fileRef = DC176F9C20924DFB00DCD3E4 /* DDCharCreatorUITests.swift */; };
		DC176FAD20924E6000DCD3E4 /* Elan Black Regular.ttf in Resources */ = {isa = PBXBuildFile; fileRef = DC176FAC20924E6000DCD3E4 /* Elan Black Regular.ttf */; };
		DC176FAF20924E6800DCD3E4 /* Elan Black Regular.ttf alias in Resources */ = {isa = PBXBuildFile; fileRef = DC176FAE20924E6700DCD3E4 /* Elan Black Regular.ttf alias */; };
		DCCA85AC2092557400645D58 /* ViewController.swift in Sources */ = {isa = PBXBuildFile; fileRef = DCCA85AB2092557400645D58 /* ViewController.swift */; };
		DCCA85AF209255CB00645D58 /* Main.storyboard in Resources */ = {isa = PBXBuildFile; fileRef = DCCA85AD209255CB00645D58 /* Main.storyboard */; };
/* End PBXBuildFile section */

/* Begin PBXContainerItemProxy section */
		DC176F8E20924DFB00DCD3E4 /* PBXContainerItemProxy */ = {
			isa = PBXContainerItemProxy;
			containerPortal = DC176F7120924DFA00DCD3E4 /* Project object */;
			proxyType = 1;
			remoteGlobalIDString = DC176F7820924DFA00DCD3E4;
			remoteInfo = DDCharCreator;
		};
		DC176F9920924DFB00DCD3E4 /* PBXContainerItemProxy */ = {
			isa = PBXContainerItemProxy;
			containerPortal = DC176F7120924DFA00DCD3E4 /* Project object */;
			proxyType = 1;
			remoteGlobalIDString = DC176F7820924DFA00DCD3E4;
			remoteInfo = DDCharCreator;
		};
/* End PBXContainerItemProxy section */

/* Begin PBXFileReference section */
		DC176F7920924DFA00DCD3E4 /* DDCharCreator.app */ = {isa = PBXFileReference; explicitFileType = wrapper.application; includeInIndex = 0; path = DDCharCreator.app; sourceTree = BUILT_PRODUCTS_DIR; };
		DC176F7C20924DFA00DCD3E4 /* AppDelegate.swift */ = {isa = PBXFileReference; lastKnownFileType = sourcecode.swift; path = AppDelegate.swift; sourceTree = "<group>"; };
		DC176F8320924DFB00DCD3E4 /* Assets.xcassets */ = {isa = PBXFileReference; lastKnownFileType = folder.assetcatalog; path = Assets.xcassets; sourceTree = "<group>"; };
		DC176F8620924DFB00DCD3E4 /* Base */ = {isa = PBXFileReference; lastKnownFileType = file.storyboard; name = Base; path = Base.lproj/LaunchScreen.storyboard; sourceTree = "<group>"; };
		DC176F8820924DFB00DCD3E4 /* Info.plist */ = {isa = PBXFileReference; lastKnownFileType = text.plist.xml; path = Info.plist; sourceTree = "<group>"; };
		DC176F8D20924DFB00DCD3E4 /* DDCharCreatorTests.xctest */ = {isa = PBXFileReference; explicitFileType = wrapper.cfbundle; includeInIndex = 0; path = DDCharCreatorTests.xctest; sourceTree = BUILT_PRODUCTS_DIR; };
		DC176F9120924DFB00DCD3E4 /* DDCharCreatorTests.swift */ = {isa = PBXFileReference; lastKnownFileType = sourcecode.swift; path = DDCharCreatorTests.swift; sourceTree = "<group>"; };
		DC176F9320924DFB00DCD3E4 /* Info.plist */ = {isa = PBXFileReference; lastKnownFileType = text.plist.xml; path = Info.plist; sourceTree = "<group>"; };
		DC176F9820924DFB00DCD3E4 /* DDCharCreatorUITests.xctest */ = {isa = PBXFileReference; explicitFileType = wrapper.cfbundle; includeInIndex = 0; path = DDCharCreatorUITests.xctest; sourceTree = BUILT_PRODUCTS_DIR; };
		DC176F9C20924DFB00DCD3E4 /* DDCharCreatorUITests.swift */ = {isa = PBXFileReference; lastKnownFileType = sourcecode.swift; path = DDCharCreatorUITests.swift; sourceTree = "<group>"; };
		DC176F9E20924DFB00DCD3E4 /* Info.plist */ = {isa = PBXFileReference; lastKnownFileType = text.plist.xml; path = Info.plist; sourceTree = "<group>"; };
		DC176FAC20924E6000DCD3E4 /* Elan Black Regular.ttf */ = {isa = PBXFileReference; lastKnownFileType = file; path = "Elan Black Regular.ttf"; sourceTree = "<group>"; };
		DC176FAE20924E6700DCD3E4 /* Elan Black Regular.ttf alias */ = {isa = PBXFileReference; lastKnownFileType = file; path = "Elan Black Regular.ttf alias"; sourceTree = "<group>"; };
		DCCA85AB2092557400645D58 /* ViewController.swift */ = {isa = PBXFileReference; fileEncoding = 4; lastKnownFileType = sourcecode.swift; path = ViewController.swift; sourceTree = "<group>"; };
		DCCA85AE209255CB00645D58 /* Base */ = {isa = PBXFileReference; lastKnownFileType = file.storyboard; name = Base; path = Base.lproj/Main.storyboard; sourceTree = "<group>"; };
/* End PBXFileReference section */

/* Begin PBXFrameworksBuildPhase section */
		DC176F7620924DFA00DCD3E4 /* Frameworks */ = {
			isa = PBXFrameworksBuildPhase;
			buildActionMask = 2147483647;
			files = (
			);
			runOnlyForDeploymentPostprocessing = 0;
		};
		DC176F8A20924DFB00DCD3E4 /* Frameworks */ = {
			isa = PBXFrameworksBuildPhase;
			buildActionMask = 2147483647;
			files = (
			);
			runOnlyForDeploymentPostprocessing = 0;
		};
		DC176F9520924DFB00DCD3E4 /* Frameworks */ = {
			isa = PBXFrameworksBuildPhase;
			buildActionMask = 2147483647;
			files = (
			);
			runOnlyForDeploymentPostprocessing = 0;
		};
/* End PBXFrameworksBuildPhase section */

/* Begin PBXGroup section */
		DC176F7020924DFA00DCD3E4 = {
			isa = PBXGroup;
			children = (
				DC176F7B20924DFA00DCD3E4 /* DDCharCreator */,
				DC176F9020924DFB00DCD3E4 /* DDCharCreatorTests */,
				DC176F9B20924DFB00DCD3E4 /* DDCharCreatorUITests */,
				DC176F7A20924DFA00DCD3E4 /* Products */,
			);
			sourceTree = "<group>";
		};
		DC176F7A20924DFA00DCD3E4 /* Products */ = {
			isa = PBXGroup;
			children = (
				DC176F7920924DFA00DCD3E4 /* DDCharCreator.app */,
				DC176F8D20924DFB00DCD3E4 /* DDCharCreatorTests.xctest */,
				DC176F9820924DFB00DCD3E4 /* DDCharCreatorUITests.xctest */,
			);
			name = Products;
			sourceTree = "<group>";
		};
		DC176F7B20924DFA00DCD3E4 /* DDCharCreator */ = {
			isa = PBXGroup;
			children = (
				DC176F7C20924DFA00DCD3E4 /* AppDelegate.swift */,
				DC176F8320924DFB00DCD3E4 /* Assets.xcassets */,
				DCCA85AB2092557400645D58 /* ViewController.swift */,
				DCCA85AD209255CB00645D58 /* Main.storyboard */,
				DC176F8520924DFB00DCD3E4 /* LaunchScreen.storyboard */,
				DC176F8820924DFB00DCD3E4 /* Info.plist */,
				DC176FAC20924E6000DCD3E4 /* Elan Black Regular.ttf */,
				DC176FAE20924E6700DCD3E4 /* Elan Black Regular.ttf alias */,
			);
			path = DDCharCreator;
			sourceTree = "<group>";
		};
		DC176F9020924DFB00DCD3E4 /* DDCharCreatorTests */ = {
			isa = PBXGroup;
			children = (
				DC176F9120924DFB00DCD3E4 /* DDCharCreatorTests.swift */,
				DC176F9320924DFB00DCD3E4 /* Info.plist */,
			);
			path = DDCharCreatorTests;
			sourceTree = "<group>";
		};
		DC176F9B20924DFB00DCD3E4 /* DDCharCreatorUITests */ = {
			isa = PBXGroup;
			children = (
				DC176F9C20924DFB00DCD3E4 /* DDCharCreatorUITests.swift */,
				DC176F9E20924DFB00DCD3E4 /* Info.plist */,
			);
			path = DDCharCreatorUITests;
			sourceTree = "<group>";
		};
/* End PBXGroup section */

/* Begin PBXNativeTarget section */
		DC176F7820924DFA00DCD3E4 /* DDCharCreator */ = {
			isa = PBXNativeTarget;
			buildConfigurationList = DC176FA120924DFB00DCD3E4 /* Build configuration list for PBXNativeTarget "DDCharCreator" */;
			buildPhases = (
				DC176F7520924DFA00DCD3E4 /* Sources */,
				DC176F7620924DFA00DCD3E4 /* Frameworks */,
				DC176F7720924DFA00DCD3E4 /* Resources */,
			);
			buildRules = (
			);
			dependencies = (
			);
			name = DDCharCreator;
			productName = DDCharCreator;
			productReference = DC176F7920924DFA00DCD3E4 /* DDCharCreator.app */;
			productType = "com.apple.product-type.application";
		};
		DC176F8C20924DFB00DCD3E4 /* DDCharCreatorTests */ = {
			isa = PBXNativeTarget;
			buildConfigurationList = DC176FA420924DFB00DCD3E4 /* Build configuration list for PBXNativeTarget "DDCharCreatorTests" */;
			buildPhases = (
				DC176F8920924DFB00DCD3E4 /* Sources */,
				DC176F8A20924DFB00DCD3E4 /* Frameworks */,
				DC176F8B20924DFB00DCD3E4 /* Resources */,
			);
			buildRules = (
			);
			dependencies = (
				DC176F8F20924DFB00DCD3E4 /* PBXTargetDependency */,
			);
			name = DDCharCreatorTests;
			productName = DDCharCreatorTests;
			productReference = DC176F8D20924DFB00DCD3E4 /* DDCharCreatorTests.xctest */;
			productType = "com.apple.product-type.bundle.unit-test";
		};
		DC176F9720924DFB00DCD3E4 /* DDCharCreatorUITests */ = {
			isa = PBXNativeTarget;
			buildConfigurationList = DC176FA720924DFB00DCD3E4 /* Build configuration list for PBXNativeTarget "DDCharCreatorUITests" */;
			buildPhases = (
				DC176F9420924DFB00DCD3E4 /* Sources */,
				DC176F9520924DFB00DCD3E4 /* Frameworks */,
				DC176F9620924DFB00DCD3E4 /* Resources */,
			);
			buildRules = (
			);
			dependencies = (
				DC176F9A20924DFB00DCD3E4 /* PBXTargetDependency */,
			);
			name = DDCharCreatorUITests;
			productName = DDCharCreatorUITests;
			productReference = DC176F9820924DFB00DCD3E4 /* DDCharCreatorUITests.xctest */;
			productType = "com.apple.product-type.bundle.ui-testing";
		};
/* End PBXNativeTarget section */

/* Begin PBXProject section */
		DC176F7120924DFA00DCD3E4 /* Project object */ = {
			isa = PBXProject;
			attributes = {
				LastSwiftUpdateCheck = 0930;
				LastUpgradeCheck = 0930;
				ORGANIZATIONNAME = "Hussam Azab";
				TargetAttributes = {
					DC176F7820924DFA00DCD3E4 = {
						CreatedOnToolsVersion = 9.3;
					};
					DC176F8C20924DFB00DCD3E4 = {
						CreatedOnToolsVersion = 9.3;
						TestTargetID = DC176F7820924DFA00DCD3E4;
					};
					DC176F9720924DFB00DCD3E4 = {
						CreatedOnToolsVersion = 9.3;
						TestTargetID = DC176F7820924DFA00DCD3E4;
					};
				};
			};
			buildConfigurationList = DC176F7420924DFA00DCD3E4 /* Build configuration list for PBXProject "DDCharCreator" */;
			compatibilityVersion = "Xcode 9.3";
			developmentRegion = en;
			hasScannedForEncodings = 0;
			knownRegions = (
				en,
				Base,
			);
			mainGroup = DC176F7020924DFA00DCD3E4;
			productRefGroup = DC176F7A20924DFA00DCD3E4 /* Products */;
			projectDirPath = "";
			projectRoot = "";
			targets = (
				DC176F7820924DFA00DCD3E4 /* DDCharCreator */,
				DC176F8C20924DFB00DCD3E4 /* DDCharCreatorTests */,
				DC176F9720924DFB00DCD3E4 /* DDCharCreatorUITests */,
			);
		};
/* End PBXProject section */

/* Begin PBXResourcesBuildPhase section */
		DC176F7720924DFA00DCD3E4 /* Resources */ = {
			isa = PBXResourcesBuildPhase;
			buildActionMask = 2147483647;
			files = (
				DC176F8720924DFB00DCD3E4 /* LaunchScreen.storyboard in Resources */,
				DCCA85AF209255CB00645D58 /* Main.storyboard in Resources */,
				DC176FAD20924E6000DCD3E4 /* Elan Black Regular.ttf in Resources */,
				DC176F8420924DFB00DCD3E4 /* Assets.xcassets in Resources */,
				DC176FAF20924E6800DCD3E4 /* Elan Black Regular.ttf alias in Resources */,
			);
			runOnlyForDeploymentPostprocessing = 0;
		};
		DC176F8B20924DFB00DCD3E4 /* Resources */ = {
			isa = PBXResourcesBuildPhase;
			buildActionMask = 2147483647;
			files = (
			);
			runOnlyForDeploymentPostprocessing = 0;
		};
		DC176F9620924DFB00DCD3E4 /* Resources */ = {
			isa = PBXResourcesBuildPhase;
			buildActionMask = 2147483647;
			files = (
			);
			runOnlyForDeploymentPostprocessing = 0;
		};
/* End PBXResourcesBuildPhase section */

/* Begin PBXSourcesBuildPhase section */
		DC176F7520924DFA00DCD3E4 /* Sources */ = {
			isa = PBXSourcesBuildPhase;
			buildActionMask = 2147483647;
			files = (
				DCCA85AC2092557400645D58 /* ViewController.swift in Sources */,
				DC176F7D20924DFA00DCD3E4 /* AppDelegate.swift in Sources */,
			);
			runOnlyForDeploymentPostprocessing = 0;
		};
		DC176F8920924DFB00DCD3E4 /* Sources */ = {
			isa = PBXSourcesBuildPhase;
			buildActionMask = 2147483647;
			files = (
				DC176F9220924DFB00DCD3E4 /* DDCharCreatorTests.swift in Sources */,
			);
			runOnlyForDeploymentPostprocessing = 0;
		};
		DC176F9420924DFB00DCD3E4 /* Sources */ = {
			isa = PBXSourcesBuildPhase;
			buildActionMask = 2147483647;
			files = (
				DC176F9D20924DFB00DCD3E4 /* DDCharCreatorUITests.swift in Sources */,
			);
			runOnlyForDeploymentPostprocessing = 0;
		};
/* End PBXSourcesBuildPhase section */

/* Begin PBXTargetDependency section */
		DC176F8F20924DFB00DCD3E4 /* PBXTargetDependency */ = {
			isa = PBXTargetDependency;
			target = DC176F7820924DFA00DCD3E4 /* DDCharCreator */;
			targetProxy = DC176F8E20924DFB00DCD3E4 /* PBXContainerItemProxy */;
		};
		DC176F9A20924DFB00DCD3E4 /* PBXTargetDependency */ = {
			isa = PBXTargetDependency;
			target = DC176F7820924DFA00DCD3E4 /* DDCharCreator */;
			targetProxy = DC176F9920924DFB00DCD3E4 /* PBXContainerItemProxy */;
		};
/* End PBXTargetDependency section */

/* Begin PBXVariantGroup section */
		DC176F8520924DFB00DCD3E4 /* LaunchScreen.storyboard */ = {
			isa = PBXVariantGroup;
			children = (
				DC176F8620924DFB00DCD3E4 /* Base */,
			);
			name = LaunchScreen.storyboard;
			sourceTree = "<group>";
		};
		DCCA85AD209255CB00645D58 /* Main.storyboard */ = {
			isa = PBXVariantGroup;
			children = (
				DCCA85AE209255CB00645D58 /* Base */,
			);
			name = Main.storyboard;
			sourceTree = "<group>";
		};
/* End PBXVariantGroup section */

/* Begin XCBuildConfiguration section */
		DC176F9F20924DFB00DCD3E4 /* Debug */ = {
			isa = XCBuildConfiguration;
			buildSettings = {
				ALWAYS_SEARCH_USER_PATHS = NO;
				CLANG_ANALYZER_NONNULL = YES;
				CLANG_ANALYZER_NUMBER_OBJECT_CONVERSION = YES_AGGRESSIVE;
				CLANG_CXX_LANGUAGE_STANDARD = "gnu++14";
				CLANG_CXX_LIBRARY = "libc++";
				CLANG_ENABLE_MODULES = YES;
				CLANG_ENABLE_OBJC_ARC = YES;
				CLANG_ENABLE_OBJC_WEAK = YES;
				CLANG_WARN_BLOCK_CAPTURE_AUTORELEASING = YES;
				CLANG_WARN_BOOL_CONVERSION = YES;
				CLANG_WARN_COMMA = YES;
				CLANG_WARN_CONSTANT_CONVERSION = YES;
				CLANG_WARN_DEPRECATED_OBJC_IMPLEMENTATIONS = YES;
				CLANG_WARN_DIRECT_OBJC_ISA_USAGE = YES_ERROR;
				CLANG_WARN_DOCUMENTATION_COMMENTS = YES;
				CLANG_WARN_EMPTY_BODY = YES;
				CLANG_WARN_ENUM_CONVERSION = YES;
				CLANG_WARN_INFINITE_RECURSION = YES;
				CLANG_WARN_INT_CONVERSION = YES;
				CLANG_WARN_NON_LITERAL_NULL_CONVERSION = YES;
				CLANG_WARN_OBJC_IMPLICIT_RETAIN_SELF = YES;
				CLANG_WARN_OBJC_LITERAL_CONVERSION = YES;
				CLANG_WARN_OBJC_ROOT_CLASS = YES_ERROR;
				CLANG_WARN_RANGE_LOOP_ANALYSIS = YES;
				CLANG_WARN_STRICT_PROTOTYPES = YES;
				CLANG_WARN_SUSPICIOUS_MOVE = YES;
				CLANG_WARN_UNGUARDED_AVAILABILITY = YES_AGGRESSIVE;
				CLANG_WARN_UNREACHABLE_CODE = YES;
				CLANG_WARN__DUPLICATE_METHOD_MATCH = YES;
				CODE_SIGN_IDENTITY = "iPhone Developer";
				COPY_PHASE_STRIP = NO;
				DEBUG_INFORMATION_FORMAT = dwarf;
				ENABLE_STRICT_OBJC_MSGSEND = YES;
				ENABLE_TESTABILITY = YES;
				GCC_C_LANGUAGE_STANDARD = gnu11;
				GCC_DYNAMIC_NO_PIC = NO;
				GCC_NO_COMMON_BLOCKS = YES;
				GCC_OPTIMIZATION_LEVEL = 0;
				GCC_PREPROCESSOR_DEFINITIONS = (
					"DEBUG=1",
					"$(inherited)",
				);
				GCC_WARN_64_TO_32_BIT_CONVERSION = YES;
				GCC_WARN_ABOUT_RETURN_TYPE = YES_ERROR;
				GCC_WARN_UNDECLARED_SELECTOR = YES;
				GCC_WARN_UNINITIALIZED_AUTOS = YES_AGGRESSIVE;
				GCC_WARN_UNUSED_FUNCTION = YES;
				GCC_WARN_UNUSED_VARIABLE = YES;
				IPHONEOS_DEPLOYMENT_TARGET = 11.3;
				MTL_ENABLE_DEBUG_INFO = YES;
				ONLY_ACTIVE_ARCH = YES;
				SDKROOT = iphoneos;
				SWIFT_ACTIVE_COMPILATION_CONDITIONS = DEBUG;
				SWIFT_OPTIMIZATION_LEVEL = "-Onone";
			};
			name = Debug;
		};
		DC176FA020924DFB00DCD3E4 /* Release */ = {
			isa = XCBuildConfiguration;
			buildSettings = {
				ALWAYS_SEARCH_USER_PATHS = NO;
				CLANG_ANALYZER_NONNULL = YES;
				CLANG_ANALYZER_NUMBER_OBJECT_CONVERSION = YES_AGGRESSIVE;
				CLANG_CXX_LANGUAGE_STANDARD = "gnu++14";
				CLANG_CXX_LIBRARY = "libc++";
				CLANG_ENABLE_MODULES = YES;
				CLANG_ENABLE_OBJC_ARC = YES;
				CLANG_ENABLE_OBJC_WEAK = YES;
				CLANG_WARN_BLOCK_CAPTURE_AUTORELEASING = YES;
				CLANG_WARN_BOOL_CONVERSION = YES;
				CLANG_WARN_COMMA = YES;
				CLANG_WARN_CONSTANT_CONVERSION = YES;
				CLANG_WARN_DEPRECATED_OBJC_IMPLEMENTATIONS = YES;
				CLANG_WARN_DIRECT_OBJC_ISA_USAGE = YES_ERROR;
				CLANG_WARN_DOCUMENTATION_COMMENTS = YES;
				CLANG_WARN_EMPTY_BODY = YES;
				CLANG_WARN_ENUM_CONVERSION = YES;
				CLANG_WARN_INFINITE_RECURSION = YES;
				CLANG_WARN_INT_CONVERSION = YES;
				CLANG_WARN_NON_LITERAL_NULL_CONVERSION = YES;
				CLANG_WARN_OBJC_IMPLICIT_RETAIN_SELF = YES;
				CLANG_WARN_OBJC_LITERAL_CONVERSION = YES;
				CLANG_WARN_OBJC_ROOT_CLASS = YES_ERROR;
				CLANG_WARN_RANGE_LOOP_ANALYSIS = YES;
				CLANG_WARN_STRICT_PROTOTYPES = YES;
				CLANG_WARN_SUSPICIOUS_MOVE = YES;
				CLANG_WARN_UNGUARDED_AVAILABILITY = YES_AGGRESSIVE;
				CLANG_WARN_UNREACHABLE_CODE = YES;
				CLANG_WARN__DUPLICATE_METHOD_MATCH = YES;
				CODE_SIGN_IDENTITY = "iPhone Developer";
				COPY_PHASE_STRIP = NO;
				DEBUG_INFORMATION_FORMAT = "dwarf-with-dsym";
				ENABLE_NS_ASSERTIONS = NO;
				ENABLE_STRICT_OBJC_MSGSEND = YES;
				GCC_C_LANGUAGE_STANDARD = gnu11;
				GCC_NO_COMMON_BLOCKS = YES;
				GCC_WARN_64_TO_32_BIT_CONVERSION = YES;
				GCC_WARN_ABOUT_RETURN_TYPE = YES_ERROR;
				GCC_WARN_UNDECLARED_SELECTOR = YES;
				GCC_WARN_UNINITIALIZED_AUTOS = YES_AGGRESSIVE;
				GCC_WARN_UNUSED_FUNCTION = YES;
				GCC_WARN_UNUSED_VARIABLE = YES;
				IPHONEOS_DEPLOYMENT_TARGET = 11.3;
				MTL_ENABLE_DEBUG_INFO = NO;
				SDKROOT = iphoneos;
				SWIFT_COMPILATION_MODE = wholemodule;
				SWIFT_OPTIMIZATION_LEVEL = "-O";
				VALIDATE_PRODUCT = YES;
			};
			name = Release;
		};
		DC176FA220924DFB00DCD3E4 /* Debug */ = {
			isa = XCBuildConfiguration;
			buildSettings = {
				ASSETCATALOG_COMPILER_APPICON_NAME = AppIcon;
				CODE_SIGN_STYLE = Automatic;
				INFOPLIST_FILE = DDCharCreator/Info.plist;
				LD_RUNPATH_SEARCH_PATHS = (
					"$(inherited)",
					"@executable_path/Frameworks",
				);
				PRODUCT_BUNDLE_IDENTIFIER = org.friscoisd.DDCharCreator;
				PRODUCT_NAME = "$(TARGET_NAME)";
				SWIFT_VERSION = 4.0;
				TARGETED_DEVICE_FAMILY = "1,2";
			};
			name = Debug;
		};
		DC176FA320924DFB00DCD3E4 /* Release */ = {
			isa = XCBuildConfiguration;
			buildSettings = {
				ASSETCATALOG_COMPILER_APPICON_NAME = AppIcon;
				CODE_SIGN_STYLE = Automatic;
				INFOPLIST_FILE = DDCharCreator/Info.plist;
				LD_RUNPATH_SEARCH_PATHS = (
					"$(inherited)",
					"@executable_path/Frameworks",
				);
				PRODUCT_BUNDLE_IDENTIFIER = org.friscoisd.DDCharCreator;
				PRODUCT_NAME = "$(TARGET_NAME)";
				SWIFT_VERSION = 4.0;
				TARGETED_DEVICE_FAMILY = "1,2";
			};
			name = Release;
		};
		DC176FA520924DFB00DCD3E4 /* Debug */ = {
			isa = XCBuildConfiguration;
			buildSettings = {
				ALWAYS_EMBED_SWIFT_STANDARD_LIBRARIES = YES;
				BUNDLE_LOADER = "$(TEST_HOST)";
				CODE_SIGN_STYLE = Automatic;
				INFOPLIST_FILE = DDCharCreatorTests/Info.plist;
				LD_RUNPATH_SEARCH_PATHS = (
					"$(inherited)",
					"@executable_path/Frameworks",
					"@loader_path/Frameworks",
				);
				PRODUCT_BUNDLE_IDENTIFIER = org.friscoisd.DDCharCreatorTests;
				PRODUCT_NAME = "$(TARGET_NAME)";
				SWIFT_VERSION = 4.0;
				TARGETED_DEVICE_FAMILY = "1,2";
				TEST_HOST = "$(BUILT_PRODUCTS_DIR)/DDCharCreator.app/DDCharCreator";
			};
			name = Debug;
		};
		DC176FA620924DFB00DCD3E4 /* Release */ = {
			isa = XCBuildConfiguration;
			buildSettings = {
				ALWAYS_EMBED_SWIFT_STANDARD_LIBRARIES = YES;
				BUNDLE_LOADER = "$(TEST_HOST)";
				CODE_SIGN_STYLE = Automatic;
				INFOPLIST_FILE = DDCharCreatorTests/Info.plist;
				LD_RUNPATH_SEARCH_PATHS = (
					"$(inherited)",
					"@executable_path/Frameworks",
					"@loader_path/Frameworks",
				);
				PRODUCT_BUNDLE_IDENTIFIER = org.friscoisd.DDCharCreatorTests;
				PRODUCT_NAME = "$(TARGET_NAME)";
				SWIFT_VERSION = 4.0;
				TARGETED_DEVICE_FAMILY = "1,2";
				TEST_HOST = "$(BUILT_PRODUCTS_DIR)/DDCharCreator.app/DDCharCreator";
			};
			name = Release;
		};
		DC176FA820924DFB00DCD3E4 /* Debug */ = {
			isa = XCBuildConfiguration;
			buildSettings = {
				ALWAYS_EMBED_SWIFT_STANDARD_LIBRARIES = YES;
				CODE_SIGN_STYLE = Automatic;
				INFOPLIST_FILE = DDCharCreatorUITests/Info.plist;
				LD_RUNPATH_SEARCH_PATHS = (
					"$(inherited)",
					"@executable_path/Frameworks",
					"@loader_path/Frameworks",
				);
				PRODUCT_BUNDLE_IDENTIFIER = org.friscoisd.DDCharCreatorUITests;
				PRODUCT_NAME = "$(TARGET_NAME)";
				SWIFT_VERSION = 4.0;
				TARGETED_DEVICE_FAMILY = "1,2";
				TEST_TARGET_NAME = DDCharCreator;
			};
			name = Debug;
		};
		DC176FA920924DFB00DCD3E4 /* Release */ = {
			isa = XCBuildConfiguration;
			buildSettings = {
				ALWAYS_EMBED_SWIFT_STANDARD_LIBRARIES = YES;
				CODE_SIGN_STYLE = Automatic;
				INFOPLIST_FILE = DDCharCreatorUITests/Info.plist;
				LD_RUNPATH_SEARCH_PATHS = (
					"$(inherited)",
					"@executable_path/Frameworks",
					"@loader_path/Frameworks",
				);
				PRODUCT_BUNDLE_IDENTIFIER = org.friscoisd.DDCharCreatorUITests;
				PRODUCT_NAME = "$(TARGET_NAME)";
				SWIFT_VERSION = 4.0;
				TARGETED_DEVICE_FAMILY = "1,2";
				TEST_TARGET_NAME = DDCharCreator;
			};
			name = Release;
		};
/* End XCBuildConfiguration section */

/* Begin XCConfigurationList section */
		DC176F7420924DFA00DCD3E4 /* Build configuration list for PBXProject "DDCharCreator" */ = {
			isa = XCConfigurationList;
			buildConfigurations = (
				DC176F9F20924DFB00DCD3E4 /* Debug */,
				DC176FA020924DFB00DCD3E4 /* Release */,
			);
			defaultConfigurationIsVisible = 0;
			defaultConfigurationName = Release;
		};
		DC176FA120924DFB00DCD3E4 /* Build configuration list for PBXNativeTarget "DDCharCreator" */ = {
			isa = XCConfigurationList;
			buildConfigurations = (
				DC176FA220924DFB00DCD3E4 /* Debug */,
				DC176FA320924DFB00DCD3E4 /* Release */,
			);
			defaultConfigurationIsVisible = 0;
			defaultConfigurationName = Release;
		};
		DC176FA420924DFB00DCD3E4 /* Build configuration list for PBXNativeTarget "DDCharCreatorTests" */ = {
			isa = XCConfigurationList;
			buildConfigurations = (
				DC176FA520924DFB00DCD3E4 /* Debug */,
				DC176FA620924DFB00DCD3E4 /* Release */,
			);
			defaultConfigurationIsVisible = 0;
			defaultConfigurationName = Release;
		};
		DC176FA720924DFB00DCD3E4 /* Build configuration list for PBXNativeTarget "DDCharCreatorUITests" */ = {
			isa = XCConfigurationList;
			buildConfigurations = (
				DC176FA820924DFB00DCD3E4 /* Debug */,
				DC176FA920924DFB00DCD3E4 /* Release */,
			);
			defaultConfigurationIsVisible = 0;
			defaultConfigurationName = Release;
		};
/* End XCConfigurationList section */
	};
	rootObject = DC176F7120924DFA00DCD3E4 /* Project object */;
}
